Microsoft Visual Studio Solution File, Format Version 12.00
# Visual Studio 15
VisualStudioVersion = 15.0.27703.2035
MinimumVisualStudioVersion = 10.0.40219.1
Project("{F184B08F-C81C-45F6-A57F-5ABD9991F28F}") = "table_autofit", "table_autofit.vbproj", "{F816D6CC-D45A-4CEB-85A1-AD751863A88C}"
EndProject
Global
	GlobalSection(SolutionConfigurationPlatforms) = preSolution
		Debug|Any CPU = Debug|Any CPU
		Release|Any CPU = Release|Any CPU
	EndGlobalSection
	GlobalSection(ProjectConfigurationPlatforms) = postSolution
		{F816D6CC-D45A-4CEB-85A1-AD751863A88C}.Debug|Any CPU.ActiveCfg = Debug|Any CPU
		{F816D6CC-D45A-4CEB-85A1-AD751863A88C}.Debug|Any CPU.Build.0 = Debug|Any CPU
		{F816D6CC-D45A-4CEB-85A1-AD751863A88C}.Release|Any CPU.ActiveCfg = Release|Any CPU
		{F816D6CC-D45A-4CEB-85A1-AD751863A88C}.Release|Any CPU.Build.0 = Release|Any CPU
	EndGlobalSection
	GlobalSection(SolutionProperties) = preSolution
		HideSolutionNode = FALSE
	EndGlobalSection
	GlobalSection(ExtensibilityGlobals) = postSolution
		SolutionGuid = {A2A3750B-0C7F-4ED4-AE8D-0BC7D712FE71}
	EndGlobalSection
EndGlobal
